%{"bolt_sips": {:hex, :bolt_sips, "0.3.2", "ffe56176b53bc087286fc67ae26ad65fad7ae7dd1cfd91cf86edc6f1b7bb95e0", [], [{:boltex, "~> 0.3", [hex: :boltex, repo: "hexpm", optional: false]}, {:con_cache, "~> 0.12.0", [hex: :con_cache, repo: "hexpm", optional: false]}, {:fuzzyurl, "~> 0.9.0", [hex: :fuzzyurl, repo: "hexpm", optional: false]}, {:poolboy, "~> 1.5.1", [hex: :poolboy, repo: "hexpm", optional: false]}, {:retry, "~> 0.6.1", [hex: :retry, repo: "hexpm", optional: false]}], "hexpm"},
  "boltex": {:hex, :boltex, "0.3.0", "9d08a310cb0e3c97938ead88bbfc3f3be8fad9a47036b8117ce76ac32a4045d2", [], [], "hexpm"},
  "con_cache": {:hex, :con_cache, "0.12.0", "2d961aec219aa5a914473873f348f5a6088292dc69d5192a9d25f8a1e13e9905", [], [{:exactor, "~> 2.2.0", [hex: :exactor, repo: "hexpm", optional: false]}], "hexpm"},
  "exactor": {:hex, :exactor, "2.2.3", "a6972f43bb6160afeb73e1d8ab45ba604cd0ac8b5244c557093f6e92ce582786", [], [], "hexpm"},
  "fuzzyurl": {:hex, :fuzzyurl, "0.9.0", "fecc085f4abec75688d883f0af1ed506d09dcabe5727cb9e6819b28ead0410b7", [], [], "hexpm"},
  "poison": {:hex, :poison, "3.1.0", "d9eb636610e096f86f25d9a46f35a9facac35609a7591b3be3326e99a0484665", [:mix], [], "hexpm"},
  "poolboy": {:hex, :poolboy, "1.5.1", "6b46163901cfd0a1b43d692657ed9d7e599853b3b21b95ae5ae0a777cf9b6ca8", [], [], "hexpm"},
  "retry": {:hex, :retry, "0.6.1", "d7ecd0ff053a0ccbb0a805d08f15ac3fd47c062447f622265ca9187df8599a29", [], [], "hexpm"}}
